
Microsoft Visual Studio Solution File, Format Version 12.00
# Visual Studio Version 17
VisualStudioVersion = 17.5.33516.290
MinimumVisualStudioVersion = 10.0.40219.1
Project("{FAE04EC0-301F-11D3-BF4B-00C04F79EFBC}") = "WpfApp333333333333333333333", "WpfApp333333333333333333333.csproj", "{C710B1AE-A652-4911-BB42-4EBE6293FC13}"
EndProject
Global
	GlobalSection(SolutionConfigurationPlatforms) = preSolution
		Debug|Any CPU = Debug|Any CPU
		Release|Any CPU = Release|Any CPU
	EndGlobalSection
	GlobalSection(ProjectConfigurationPlatforms) = postSolution
		{C710B1AE-A652-4911-BB42-4EBE6293FC13}.Debug|Any CPU.ActiveCfg = Debug|Any CPU
		{C710B1AE-A652-4911-BB42-4EBE6293FC13}.Debug|Any CPU.Build.0 = Debug|Any CPU
		{C710B1AE-A652-4911-BB42-4EBE6293FC13}.Release|Any CPU.ActiveCfg = Release|Any CPU
		{C710B1AE-A652-4911-BB42-4EBE6293FC13}.Release|Any CPU.Build.0 = Release|Any CPU
	EndGlobalSection
	GlobalSection(SolutionProperties) = preSolution
		HideSolutionNode = FALSE
	EndGlobalSection
	GlobalSection(ExtensibilityGlobals) = postSolution
		SolutionGuid = {32A73EFB-D68B-4B44-B79D-5B9015825788}
	EndGlobalSection
EndGlobal
